<?xml version="1.0" encoding="utf-8"?>
<Project ToolsVersion="4.0" xmlns="http://schemas.microsoft.com/developer/msbuild/2003">
  <ItemGroup>
    <Filter Include="Source Files">
      <UniqueIdentifier>{4FC737F1-C7A5-4376-A066-2A32D752A2FF}</UniqueIdentifier>
      <Extensions>cpp;c;cc;cxx;def;odl;idl;hpj;bat;asm;asmx</Extensions>
    </Filter>
    <Filter Include="Header Files">
      <UniqueIdentifier>{93995380-89BD-4b04-88EB-625FBE52EBFB}</UniqueIdentifier>
      <Extensions>h;hh;hpp;hxx;hm;inl;inc;xsd</Extensions>
    </Filter>
    <Filter Include="Resource Files">
      <UniqueIdentifier>{67DA6AB6-F800-4c08-8B7A-83BB121AAD01}</UniqueIdentifier>
      <Extensions>rc;ico;cur;bmp;dlg;rc2;rct;bin;rgs;gif;jpg;jpeg;jpe;resx;tiff;tif;png;wav;mfcribbon-ms</Extensions>
    </Filter>
  </ItemGroup>
  <ItemGroup>
    <Text Include="ReadMe.txt" />
  </ItemGroup>
  <ItemGroup>
    <ClInclude Include="..\Debug\camera.h">
      <Filter>Header Files</Filter>
    </ClInclude>
    <ClInclude Include="..\Debug\glext.h">
      <Filter>Header Files</Filter>
    </ClInclude>
    <ClInclude Include="..\Debug\lodepng.h">
      <Filter>Header Files</Filter>
    </ClInclude>
    <ClInclude Include="..\Debug\matrix.h">
      <Filter>Header Files</Filter>
    </ClInclude>
    <ClInclude Include="Application.h">
      <Filter>Header Files</Filter>
    </ClInclude>
    <ClInclude Include="sprite.h">
      <Filter>Header Files</Filter>
    </ClInclude>
    <ClInclude Include="gameobject.h">
      <Filter>Header Files</Filter>
    </ClInclude>
    <ClInclude Include="Vector3.h">
      <Filter>Header Files</Filter>
    </ClInclude>
    <ClInclude Include="Random.h">
      <Filter>Header Files</Filter>
    </ClInclude>
    <ClInclude Include="particleObject.h">
      <Filter>Header Files</Filter>
    </ClInclude>
    <ClInclude Include="particleSystem.h">
      <Filter>Header Files</Filter>
    </ClInclude>
    <ClInclude Include="particleAffector.h">
      <Filter>Header Files</Filter>
    </ClInclude>
    <ClInclude Include="colorAffector.h">
      <Filter>Header Files</Filter>
    </ClInclude>
    <ClInclude Include="gravityAffector.h">
      <Filter>Header Files</Filter>
    </ClInclude>
    <ClInclude Include="particleEmitter.h">
      <Filter>Header Files</Filter>
    </ClInclude>
    <ClInclude Include="pointEmitter.h">
      <Filter>Header Files</Filter>
    </ClInclude>
    <ClInclude Include="rotationAffector.h">
      <Filter>Header Files</Filter>
    </ClInclude>
    <ClInclude Include="velocityAffector.h">
      <Filter>Header Files</Filter>
    </ClInclude>
    <ClInclude Include="circleEmitter.h">
      <Filter>Header Files</Filter>
    </ClInclude>
    <ClInclude Include="..\Debug\ringEmitter.h">
      <Filter>Header Files</Filter>
    </ClInclude>
    <ClInclude Include="squareEmitter.h">
      <Filter>Header Files</Filter>
    </ClInclude>
    <ClInclude Include="scaleAffector.h">
      <Filter>Header Files</Filter>
    </ClInclude>
  </ItemGroup>
  <ItemGroup>
    <ClCompile Include="..\Debug\main.cpp">
      <Filter>Source Files</Filter>
    </ClCompile>
    <ClCompile Include="..\Debug\matrix.cpp">
      <Filter>Source Files</Filter>
    </ClCompile>
    <ClCompile Include="..\Debug\lodepng.cpp">
      <Filter>Source Files</Filter>
    </ClCompile>
    <ClCompile Include="..\Debug\sprite.cpp">
      <Filter>Source Files</Filter>
    </ClCompile>
    <ClCompile Include="..\Debug\Vector3.cpp">
      <Filter>Source Files</Filter>
    </ClCompile>
    <ClCompile Include="..\Debug\gameobject.cpp">
      <Filter>Source Files</Filter>
    </ClCompile>
    <ClCompile Include="..\Debug\Application.cpp">
      <Filter>Source Files</Filter>
    </ClCompile>
    <ClCompile Include="Random.cpp">
      <Filter>Source Files</Filter>
    </ClCompile>
    <ClCompile Include="..\Debug\particleObject.cpp">
      <Filter>Source Files</Filter>
    </ClCompile>
    <ClCompile Include="..\Debug\particleSystem.cpp">
      <Filter>Source Files</Filter>
    </ClCompile>
    <ClCompile Include="..\Debug\particleAffector.cpp">
      <Filter>Source Files</Filter>
    </ClCompile>
    <ClCompile Include="..\Debug\colorAffector.cpp">
      <Filter>Source Files</Filter>
    </ClCompile>
    <ClCompile Include="..\Debug\velocityAffector.cpp">
      <Filter>Source Files</Filter>
    </ClCompile>
    <ClCompile Include="..\Debug\gravityAffector.cpp">
      <Filter>Source Files</Filter>
    </ClCompile>
    <ClCompile Include="..\Debug\pointEmitter.cpp">
      <Filter>Source Files</Filter>
    </ClCompile>
    <ClCompile Include="..\Debug\rotationAffector.cpp">
      <Filter>Source Files</Filter>
    </ClCompile>
    <ClCompile Include="..\Debug\circleEmitter.cpp">
      <Filter>Source Files</Filter>
    </ClCompile>
    <ClCompile Include="..\Debug\particleEmitter.cpp">
      <Filter>Source Files</Filter>
    </ClCompile>
    <ClCompile Include="..\Debug\ringEmitter.cpp">
      <Filter>Source Files</Filter>
    </ClCompile>
    <ClCompile Include="..\Debug\squareEmitter.cpp">
      <Filter>Source Files</Filter>
    </ClCompile>
    <ClCompile Include="..\Debug\scaleAffector.cpp">
      <Filter>Source Files</Filter>
    </ClCompile>
  </ItemGroup>
</Project>